<?xml version="1.0" encoding="utf-8"?>
<Project ToolsVersion="4.0" xmlns="http://schemas.microsoft.com/developer/msbuild/2003">
  <ItemGroup>
    <Filter Include="source">
      <UniqueIdentifier>{5ed71884-7ceb-46d6-87f7-21d89bc0a619}</UniqueIdentifier>
      <Extensions>cpp;c;cxx;rc;def;r;odl;idl;hpj;bat</Extensions>
    </Filter>
    <Filter Include="source\GcLib">
      <UniqueIdentifier>{af75d183-f3a6-4fda-b68b-c2b62cd78c45}</UniqueIdentifier>
    </Filter>
    <Filter Include="source\GcLib\gstd">
      <UniqueIdentifier>{a544e3e1-f2ec-4092-8fb4-f6276e5c165f}</UniqueIdentifier>
    </Filter>
    <Filter Include="source\GcLib\directx">
      <UniqueIdentifier>{4214184a-10ff-4514-996a-7af57de2fef5}</UniqueIdentifier>
    </Filter>
    <Filter Include="source\Common">
      <UniqueIdentifier>{9fac0b5e-52d9-4e33-9cd8-e8ccf39b2af9}</UniqueIdentifier>
    </Filter>
    <Filter Include="Resource Files">
      <UniqueIdentifier>{122cdd0d-6ad8-4a17-9a13-9f12a9a6f150}</UniqueIdentifier>
      <Extensions>ico;cur;bmp;dlg;rc2;rct;bin;rgs;gif;jpg;jpeg;jpe</Extensions>
    </Filter>
  </ItemGroup>
  <ItemGroup>
    <ClCompile Include="source\GcLib\gstd\Application.cpp">
      <Filter>source\GcLib\gstd</Filter>
    </ClCompile>
    <ClCompile Include="source\GcLib\gstd\File.cpp">
      <Filter>source\GcLib\gstd</Filter>
    </ClCompile>
    <ClCompile Include="source\GcLib\gstd\FpsController.cpp">
      <Filter>source\GcLib\gstd</Filter>
    </ClCompile>
    <ClCompile Include="source\GcLib\gstd\GstdUtility.cpp">
      <Filter>source\GcLib\gstd</Filter>
    </ClCompile>
    <ClCompile Include="source\GcLib\gstd\Logger.cpp">
      <Filter>source\GcLib\gstd</Filter>
    </ClCompile>
    <ClCompile Include="source\GcLib\gstd\MersenneTwister.cpp">
      <Filter>source\GcLib\gstd</Filter>
    </ClCompile>
    <ClCompile Include="source\GcLib\gstd\Script.cpp">
      <Filter>source\GcLib\gstd</Filter>
    </ClCompile>
    <ClCompile Include="source\GcLib\gstd\ScriptClient.cpp">
      <Filter>source\GcLib\gstd</Filter>
    </ClCompile>
    <ClCompile Include="source\GcLib\gstd\Task.cpp">
      <Filter>source\GcLib\gstd</Filter>
    </ClCompile>
    <ClCompile Include="source\GcLib\gstd\Thread.cpp">
      <Filter>source\GcLib\gstd</Filter>
    </ClCompile>
    <ClCompile Include="source\GcLib\gstd\Window.cpp">
      <Filter>source\GcLib\gstd</Filter>
    </ClCompile>
    <ClCompile Include="source\GcLib\directx\DirectGraphics.cpp">
      <Filter>source\GcLib\directx</Filter>
    </ClCompile>
    <ClCompile Include="source\GcLib\directx\DirectInput.cpp">
      <Filter>source\GcLib\directx</Filter>
    </ClCompile>
    <ClCompile Include="source\GcLib\directx\DirectSound.cpp">
      <Filter>source\GcLib\directx</Filter>
    </ClCompile>
    <ClCompile Include="source\GcLib\directx\DxScript.cpp">
      <Filter>source\GcLib\directx</Filter>
    </ClCompile>
    <ClCompile Include="source\GcLib\directx\DxText.cpp">
      <Filter>source\GcLib\directx</Filter>
    </ClCompile>
    <ClCompile Include="source\GcLib\directx\DxUtility.cpp">
      <Filter>source\GcLib\directx</Filter>
    </ClCompile>
    <ClCompile Include="source\GcLib\directx\DxWindow.cpp">
      <Filter>source\GcLib\directx</Filter>
    </ClCompile>
    <ClCompile Include="source\GcLib\directx\ElfreinaMesh.cpp">
      <Filter>source\GcLib\directx</Filter>
    </ClCompile>
    <ClCompile Include="source\GcLib\directx\EventScript.cpp">
      <Filter>source\GcLib\directx</Filter>
    </ClCompile>
    <ClCompile Include="source\GcLib\directx\MetasequoiaMesh.cpp">
      <Filter>source\GcLib\directx</Filter>
    </ClCompile>
    <ClCompile Include="source\GcLib\directx\RenderObject.cpp">
      <Filter>source\GcLib\directx</Filter>
    </ClCompile>
    <ClCompile Include="source\GcLib\directx\ScriptManager.cpp">
      <Filter>source\GcLib\directx</Filter>
    </ClCompile>
    <ClCompile Include="source\GcLib\directx\Shader.cpp">
      <Filter>source\GcLib\directx</Filter>
    </ClCompile>
    <ClCompile Include="source\GcLib\directx\Texture.cpp">
      <Filter>source\GcLib\directx</Filter>
    </ClCompile>
    <ClCompile Include="source\GcLib\directx\TransitionEffect.cpp">
      <Filter>source\GcLib\directx</Filter>
    </ClCompile>
    <ClCompile Include="source\TouhouDanmakufu\Common\DnhCommon.cpp">
      <Filter>source\Common</Filter>
    </ClCompile>
    <ClCompile Include="source\TouhouDanmakufu\Common\DnhGcLibImpl.cpp">
      <Filter>source\Common</Filter>
    </ClCompile>
    <ClCompile Include="source\TouhouDanmakufu\Common\DnhReplay.cpp">
      <Filter>source\Common</Filter>
    </ClCompile>
    <ClCompile Include="source\TouhouDanmakufu\Common\DnhScript.cpp">
      <Filter>source\Common</Filter>
    </ClCompile>
    <ClCompile Include="source\TouhouDanmakufu\Common\StgCommon.cpp">
      <Filter>source\Common</Filter>
    </ClCompile>
    <ClCompile Include="source\TouhouDanmakufu\Common\StgControlScript.cpp">
      <Filter>source\Common</Filter>
    </ClCompile>
    <ClCompile Include="source\TouhouDanmakufu\Common\StgEnemy.cpp">
      <Filter>source\Common</Filter>
    </ClCompile>
    <ClCompile Include="source\TouhouDanmakufu\Common\StgIntersection.cpp">
      <Filter>source\Common</Filter>
    </ClCompile>
    <ClCompile Include="source\TouhouDanmakufu\Common\StgItem.cpp">
      <Filter>source\Common</Filter>
    </ClCompile>
    <ClCompile Include="source\TouhouDanmakufu\Common\StgPackageController.cpp">
      <Filter>source\Common</Filter>
    </ClCompile>
    <ClCompile Include="source\TouhouDanmakufu\Common\StgPackageScript.cpp">
      <Filter>source\Common</Filter>
    </ClCompile>
    <ClCompile Include="source\TouhouDanmakufu\Common\StgPlayer.cpp">
      <Filter>source\Common</Filter>
    </ClCompile>
    <ClCompile Include="source\TouhouDanmakufu\Common\StgShot.cpp">
      <Filter>source\Common</Filter>
    </ClCompile>
    <ClCompile Include="source\TouhouDanmakufu\Common\StgStageController.cpp">
      <Filter>source\Common</Filter>
    </ClCompile>
    <ClCompile Include="source\TouhouDanmakufu\Common\StgStageScript.cpp">
      <Filter>source\Common</Filter>
    </ClCompile>
    <ClCompile Include="source\TouhouDanmakufu\Common\StgSystem.cpp">
      <Filter>source\Common</Filter>
    </ClCompile>
    <ClCompile Include="source\TouhouDanmakufu\Common\StgUserExtendScene.cpp">
      <Filter>source\Common</Filter>
    </ClCompile>
    <ClCompile Include="source\TouhouDanmakufu\DnhViewer\Common.cpp">
      <Filter>source</Filter>
    </ClCompile>
    <ClCompile Include="source\TouhouDanmakufu\DnhViewer\DebugWindow.cpp">
      <Filter>source</Filter>
    </ClCompile>
    <ClCompile Include="source\TouhouDanmakufu\DnhViewer\GcLibImpl.cpp">
      <Filter>source</Filter>
    </ClCompile>
    <ClCompile Include="source\TouhouDanmakufu\DnhViewer\MainWindow.cpp">
      <Filter>source</Filter>
    </ClCompile>
    <ClCompile Include="source\TouhouDanmakufu\DnhViewer\ScenePanel.cpp">
      <Filter>source</Filter>
    </ClCompile>
    <ClCompile Include="source\TouhouDanmakufu\DnhViewer\ScriptSelect.cpp">
      <Filter>source</Filter>
    </ClCompile>
    <ClCompile Include="source\TouhouDanmakufu\DnhViewer\WinMain.cpp">
      <Filter>source</Filter>
    </ClCompile>
  </ItemGroup>
  <ItemGroup>
    <ClInclude Include="source\GcLib\gstd\Application.hpp">
      <Filter>source\GcLib\gstd</Filter>
    </ClInclude>
    <ClInclude Include="source\GcLib\gstd\File.hpp">
      <Filter>source\GcLib\gstd</Filter>
    </ClInclude>
    <ClInclude Include="source\GcLib\gstd\FpsController.hpp">
      <Filter>source\GcLib\gstd</Filter>
    </ClInclude>
    <ClInclude Include="source\GcLib\gstd\GstdConstant.hpp">
      <Filter>source\GcLib\gstd</Filter>
    </ClInclude>
    <ClInclude Include="source\GcLib\gstd\GstdLib.hpp">
      <Filter>source\GcLib\gstd</Filter>
    </ClInclude>
    <ClInclude Include="source\GcLib\gstd\GstdUtility.hpp">
      <Filter>source\GcLib\gstd</Filter>
    </ClInclude>
    <ClInclude Include="source\GcLib\gstd\Logger.hpp">
      <Filter>source\GcLib\gstd</Filter>
    </ClInclude>
    <ClInclude Include="source\GcLib\gstd\MersenneTwister.hpp">
      <Filter>source\GcLib\gstd</Filter>
    </ClInclude>
    <ClInclude Include="source\GcLib\gstd\Script.hpp">
      <Filter>source\GcLib\gstd</Filter>
    </ClInclude>
    <ClInclude Include="source\GcLib\gstd\ScriptClient.hpp">
      <Filter>source\GcLib\gstd</Filter>
    </ClInclude>
    <ClInclude Include="source\GcLib\gstd\SmartPointer.hpp">
      <Filter>source\GcLib\gstd</Filter>
    </ClInclude>
    <ClInclude Include="source\GcLib\gstd\Task.hpp">
      <Filter>source\GcLib\gstd</Filter>
    </ClInclude>
    <ClInclude Include="source\GcLib\gstd\Thread.hpp">
      <Filter>source\GcLib\gstd</Filter>
    </ClInclude>
    <ClInclude Include="source\GcLib\gstd\Window.hpp">
      <Filter>source\GcLib\gstd</Filter>
    </ClInclude>
    <ClInclude Include="source\GcLib\directx\DirectGraphics.hpp">
      <Filter>source\GcLib\directx</Filter>
    </ClInclude>
    <ClInclude Include="source\GcLib\directx\DirectInput.hpp">
      <Filter>source\GcLib\directx</Filter>
    </ClInclude>
    <ClInclude Include="source\GcLib\directx\DirectSound.hpp">
      <Filter>source\GcLib\directx</Filter>
    </ClInclude>
    <ClInclude Include="source\GcLib\directx\DxConstant.hpp">
      <Filter>source\GcLib\directx</Filter>
    </ClInclude>
    <ClInclude Include="source\GcLib\directx\DxLib.hpp">
      <Filter>source\GcLib\directx</Filter>
    </ClInclude>
    <ClInclude Include="source\GcLib\directx\DxScript.hpp">
      <Filter>source\GcLib\directx</Filter>
    </ClInclude>
    <ClInclude Include="source\GcLib\directx\DxText.hpp">
      <Filter>source\GcLib\directx</Filter>
    </ClInclude>
    <ClInclude Include="source\GcLib\directx\DxUtility.hpp">
      <Filter>source\GcLib\directx</Filter>
    </ClInclude>
    <ClInclude Include="source\GcLib\directx\DxWindow.hpp">
      <Filter>source\GcLib\directx</Filter>
    </ClInclude>
    <ClInclude Include="source\GcLib\directx\ElfreinaMesh.hpp">
      <Filter>source\GcLib\directx</Filter>
    </ClInclude>
    <ClInclude Include="source\GcLib\directx\EventScript.hpp">
      <Filter>source\GcLib\directx</Filter>
    </ClInclude>
    <ClInclude Include="source\GcLib\directx\HLSL.hpp">
      <Filter>source\GcLib\directx</Filter>
    </ClInclude>
    <ClInclude Include="source\GcLib\directx\MetasequoiaMesh.hpp">
      <Filter>source\GcLib\directx</Filter>
    </ClInclude>
    <ClInclude Include="source\GcLib\directx\RenderObject.hpp">
      <Filter>source\GcLib\directx</Filter>
    </ClInclude>
    <ClInclude Include="source\GcLib\directx\ScriptManager.hpp">
      <Filter>source\GcLib\directx</Filter>
    </ClInclude>
    <ClInclude Include="source\GcLib\directx\Shader.hpp">
      <Filter>source\GcLib\directx</Filter>
    </ClInclude>
    <ClInclude Include="source\GcLib\directx\Texture.hpp">
      <Filter>source\GcLib\directx</Filter>
    </ClInclude>
    <ClInclude Include="source\GcLib\directx\TransitionEffect.hpp">
      <Filter>source\GcLib\directx</Filter>
    </ClInclude>
    <ClInclude Include="source\GcLib\GcLib.hpp">
      <Filter>source\GcLib</Filter>
    </ClInclude>
    <ClInclude Include="source\TouhouDanmakufu\Common\DnhCommon.hpp">
      <Filter>source\Common</Filter>
    </ClInclude>
    <ClInclude Include="source\TouhouDanmakufu\Common\DnhConstant.hpp">
      <Filter>source\Common</Filter>
    </ClInclude>
    <ClInclude Include="source\TouhouDanmakufu\Common\DnhGcLibImpl.hpp">
      <Filter>source\Common</Filter>
    </ClInclude>
    <ClInclude Include="source\TouhouDanmakufu\Common\DnhReplay.hpp">
      <Filter>source\Common</Filter>
    </ClInclude>
    <ClInclude Include="source\TouhouDanmakufu\Common\DnhScript.hpp">
      <Filter>source\Common</Filter>
    </ClInclude>
    <ClInclude Include="source\TouhouDanmakufu\Common\StgCommon.hpp">
      <Filter>source\Common</Filter>
    </ClInclude>
    <ClInclude Include="source\TouhouDanmakufu\Common\StgControlScript.hpp">
      <Filter>source\Common</Filter>
    </ClInclude>
    <ClInclude Include="source\TouhouDanmakufu\Common\StgEnemy.hpp">
      <Filter>source\Common</Filter>
    </ClInclude>
    <ClInclude Include="source\TouhouDanmakufu\Common\StgIntersection.hpp">
      <Filter>source\Common</Filter>
    </ClInclude>
    <ClInclude Include="source\TouhouDanmakufu\Common\StgItem.hpp">
      <Filter>source\Common</Filter>
    </ClInclude>
    <ClInclude Include="source\TouhouDanmakufu\Common\StgPackageController.hpp">
      <Filter>source\Common</Filter>
    </ClInclude>
    <ClInclude Include="source\TouhouDanmakufu\Common\StgPackageScript.hpp">
      <Filter>source\Common</Filter>
    </ClInclude>
    <ClInclude Include="source\TouhouDanmakufu\Common\StgPlayer.hpp">
      <Filter>source\Common</Filter>
    </ClInclude>
    <ClInclude Include="source\TouhouDanmakufu\Common\StgShot.hpp">
      <Filter>source\Common</Filter>
    </ClInclude>
    <ClInclude Include="source\TouhouDanmakufu\Common\StgStageController.hpp">
      <Filter>source\Common</Filter>
    </ClInclude>
    <ClInclude Include="source\TouhouDanmakufu\Common\StgStageScript.hpp">
      <Filter>source\Common</Filter>
    </ClInclude>
    <ClInclude Include="source\TouhouDanmakufu\Common\StgSystem.hpp">
      <Filter>source\Common</Filter>
    </ClInclude>
    <ClInclude Include="source\TouhouDanmakufu\Common\StgUserExtendScene.hpp">
      <Filter>source\Common</Filter>
    </ClInclude>
    <ClInclude Include="source\TouhouDanmakufu\DnhViewer\Common.hpp">
      <Filter>source</Filter>
    </ClInclude>
    <ClInclude Include="source\TouhouDanmakufu\DnhViewer\Constant.hpp">
      <Filter>source</Filter>
    </ClInclude>
    <ClInclude Include="source\TouhouDanmakufu\DnhViewer\DebugWindow.hpp">
      <Filter>source</Filter>
    </ClInclude>
    <ClInclude Include="source\TouhouDanmakufu\DnhViewer\GcLibImpl.hpp">
      <Filter>source</Filter>
    </ClInclude>
    <ClInclude Include="source\TouhouDanmakufu\DnhViewer\MainWindow.hpp">
      <Filter>source</Filter>
    </ClInclude>
    <ClInclude Include="source\TouhouDanmakufu\DnhViewer\ScenePanel.hpp">
      <Filter>source</Filter>
    </ClInclude>
    <ClInclude Include="source\TouhouDanmakufu\DnhViewer\ScriptSelect.hpp">
      <Filter>source</Filter>
    </ClInclude>
  </ItemGroup>
  <ItemGroup>
    <ResourceCompile Include="source\TouhouDanmakufu\DnhViewer\DnhViewer.rc">
      <Filter>source</Filter>
    </ResourceCompile>
  </ItemGroup>
</Project>